
Microsoft Visual Studio Solution File, Format Version 12.00
# Visual Studio Version 16
VisualStudioVersion = 16.0.31112.23
MinimumVisualStudioVersion = 10.0.40219.1
Project("{9A19103F-16F7-4668-BE54-9A1E7A4F7556}") = "Timesheets", "Timesheets\Timesheets.csproj", "{612A462B-E18B-47E7-ADC4-8AC65F99F0C6}"
EndProject
Global
	GlobalSection(SolutionConfigurationPlatforms) = preSolution
		Debug|Any CPU = Debug|Any CPU
		Release|Any CPU = Release|Any CPU
	EndGlobalSection
	GlobalSection(ProjectConfigurationPlatforms) = postSolution
		{612A462B-E18B-47E7-ADC4-8AC65F99F0C6}.Debug|Any CPU.ActiveCfg = Debug|Any CPU
		{612A462B-E18B-47E7-ADC4-8AC65F99F0C6}.Debug|Any CPU.Build.0 = Debug|Any CPU
		{612A462B-E18B-47E7-ADC4-8AC65F99F0C6}.Release|Any CPU.ActiveCfg = Release|Any CPU
		{612A462B-E18B-47E7-ADC4-8AC65F99F0C6}.Release|Any CPU.Build.0 = Release|Any CPU
	EndGlobalSection
	GlobalSection(SolutionProperties) = preSolution
		HideSolutionNode = FALSE
	EndGlobalSection
	GlobalSection(ExtensibilityGlobals) = postSolution
		SolutionGuid = {D5807851-9739-4946-8EAC-E85EB05E6F62}
	EndGlobalSection
EndGlobal
